// !$*UTF8*$!
{
	archiveVersion = 1;
	classes = {
	};
	objectVersion = 55;
	objects = {

/* Begin PBXBuildFile section */
		E6F0502F274FA9A4005C723F /* AppDelegate.swift in Sources */ = {isa = PBXBuildFile; fileRef = E6F0502E274FA9A4005C723F /* AppDelegate.swift */; };
		E6F05031274FA9A4005C723F /* SceneDelegate.swift in Sources */ = {isa = PBXBuildFile; fileRef = E6F05030274FA9A4005C723F /* SceneDelegate.swift */; };
		E6F05033274FA9A4005C723F /* ViewController.swift in Sources */ = {isa = PBXBuildFile; fileRef = E6F05032274FA9A4005C723F /* ViewController.swift */; };
		E6F05036274FA9A4005C723F /* Main.storyboard in Resources */ = {isa = PBXBuildFile; fileRef = E6F05034274FA9A4005C723F /* Main.storyboard */; };
		E6F05039274FA9A4005C723F /* ArticleApp.xcdatamodeld in Sources */ = {isa = PBXBuildFile; fileRef = E6F05037274FA9A4005C723F /* ArticleApp.xcdatamodeld */; };
		E6F0503B274FA9A5005C723F /* Assets.xcassets in Resources */ = {isa = PBXBuildFile; fileRef = E6F0503A274FA9A5005C723F /* Assets.xcassets */; };
		E6F0503E274FA9A5005C723F /* LaunchScreen.storyboard in Resources */ = {isa = PBXBuildFile; fileRef = E6F0503C274FA9A5005C723F /* LaunchScreen.storyboard */; };
		E6F05046274FA9D3005C723F /* ArticleViewController.swift in Sources */ = {isa = PBXBuildFile; fileRef = E6F05045274FA9D3005C723F /* ArticleViewController.swift */; };
		E6F05048274FA9E3005C723F /* AddNewArticleViewController.swift in Sources */ = {isa = PBXBuildFile; fileRef = E6F05047274FA9E3005C723F /* AddNewArticleViewController.swift */; };
		E6F0504C274FB183005C723F /* myTableViewCell.swift in Sources */ = {isa = PBXBuildFile; fileRef = E6F0504B274FB183005C723F /* myTableViewCell.swift */; };
/* End PBXBuildFile section */

/* Begin PBXFileReference section */
		E6F0502B274FA9A4005C723F /* ArticleApp.app */ = {isa = PBXFileReference; explicitFileType = wrapper.application; includeInIndex = 0; path = ArticleApp.app; sourceTree = BUILT_PRODUCTS_DIR; };
		E6F0502E274FA9A4005C723F /* AppDelegate.swift */ = {isa = PBXFileReference; lastKnownFileType = sourcecode.swift; path = AppDelegate.swift; sourceTree = "<group>"; };
		E6F05030274FA9A4005C723F /* SceneDelegate.swift */ = {isa = PBXFileReference; lastKnownFileType = sourcecode.swift; path = SceneDelegate.swift; sourceTree = "<group>"; };
		E6F05032274FA9A4005C723F /* ViewController.swift */ = {isa = PBXFileReference; lastKnownFileType = sourcecode.swift; path = ViewController.swift; sourceTree = "<group>"; };
		E6F05035274FA9A4005C723F /* Base */ = {isa = PBXFileReference; lastKnownFileType = file.storyboard; name = Base; path = Base.lproj/Main.storyboard; sourceTree = "<group>"; };
		E6F05038274FA9A4005C723F /* ArticleApp.xcdatamodel */ = {isa = PBXFileReference; lastKnownFileType = wrapper.xcdatamodel; path = ArticleApp.xcdatamodel; sourceTree = "<group>"; };
		E6F0503A274FA9A5005C723F /* Assets.xcassets */ = {isa = PBXFileReference; lastKnownFileType = folder.assetcatalog; path = Assets.xcassets; sourceTree = "<group>"; };
		E6F0503D274FA9A5005C723F /* Base */ = {isa = PBXFileReference; lastKnownFileType = file.storyboard; name = Base; path = Base.lproj/LaunchScreen.storyboard; sourceTree = "<group>"; };
		E6F0503F274FA9A5005C723F /* Info.plist */ = {isa = PBXFileReference; lastKnownFileType = text.plist.xml; path = Info.plist; sourceTree = "<group>"; };
		E6F05045274FA9D3005C723F /* ArticleViewController.swift */ = {isa = PBXFileReference; lastKnownFileType = sourcecode.swift; path = ArticleViewController.swift; sourceTree = "<group>"; };
		E6F05047274FA9E3005C723F /* AddNewArticleViewController.swift */ = {isa = PBXFileReference; lastKnownFileType = sourcecode.swift; path = AddNewArticleViewController.swift; sourceTree = "<group>"; };
		E6F0504B274FB183005C723F /* myTableViewCell.swift */ = {isa = PBXFileReference; lastKnownFileType = sourcecode.swift; path = myTableViewCell.swift; sourceTree = "<group>"; };
/* End PBXFileReference section */

/* Begin PBXFrameworksBuildPhase section */
		E6F05028274FA9A4005C723F /* Frameworks */ = {
			isa = PBXFrameworksBuildPhase;
			buildActionMask = 2147483647;
			files = (
			);
			runOnlyForDeploymentPostprocessing = 0;
		};
/* End PBXFrameworksBuildPhase section */

/* Begin PBXGroup section */
		E6F05022274FA9A4005C723F = {
			isa = PBXGroup;
			children = (
				E6F0502D274FA9A4005C723F /* ArticleApp */,
				E6F0502C274FA9A4005C723F /* Products */,
			);
			sourceTree = "<group>";
		};
		E6F0502C274FA9A4005C723F /* Products */ = {
			isa = PBXGroup;
			children = (
				E6F0502B274FA9A4005C723F /* ArticleApp.app */,
			);
			name = Products;
			sourceTree = "<group>";
		};
		E6F0502D274FA9A4005C723F /* ArticleApp */ = {
			isa = PBXGroup;
			children = (
				E6F05049274FA9ED005C723F /* Controllers */,
				E6F0504A274FAA03005C723F /* OtherFiles */,
				E6F05034274FA9A4005C723F /* Main.storyboard */,
				E6F05037274FA9A4005C723F /* ArticleApp.xcdatamodeld */,
				E6F0503F274FA9A5005C723F /* Info.plist */,
			);
			path = ArticleApp;
			sourceTree = "<group>";
		};
		E6F05049274FA9ED005C723F /* Controllers */ = {
			isa = PBXGroup;
			children = (
				E6F05032274FA9A4005C723F /* ViewController.swift */,
				E6F05045274FA9D3005C723F /* ArticleViewController.swift */,
				E6F05047274FA9E3005C723F /* AddNewArticleViewController.swift */,
				E6F0504B274FB183005C723F /* myTableViewCell.swift */,
			);
			path = Controllers;
			sourceTree = "<group>";
		};
		E6F0504A274FAA03005C723F /* OtherFiles */ = {
			isa = PBXGroup;
			children = (
				E6F05030274FA9A4005C723F /* SceneDelegate.swift */,
				E6F0502E274FA9A4005C723F /* AppDelegate.swift */,
				E6F0503C274FA9A5005C723F /* LaunchScreen.storyboard */,
				E6F0503A274FA9A5005C723F /* Assets.xcassets */,
			);
			path = OtherFiles;
			sourceTree = "<group>";
		};
/* End PBXGroup section */

/* Begin PBXNativeTarget section */
		E6F0502A274FA9A4005C723F /* ArticleApp */ = {
			isa = PBXNativeTarget;
			buildConfigurationList = E6F05042274FA9A5005C723F /* Build configuration list for PBXNativeTarget "ArticleApp" */;
			buildPhases = (
				E6F05027274FA9A4005C723F /* Sources */,
				E6F05028274FA9A4005C723F /* Frameworks */,
				E6F05029274FA9A4005C723F /* Resources */,
			);
			buildRules = (
			);
			dependencies = (
			);
			name = ArticleApp;
			productName = ArticleApp;
			productReference = E6F0502B274FA9A4005C723F /* ArticleApp.app */;
			productType = "com.apple.product-type.application";
		};
/* End PBXNativeTarget section */

/* Begin PBXProject section */
		E6F05023274FA9A4005C723F /* Project object */ = {
			isa = PBXProject;
			attributes = {
				BuildIndependentTargetsInParallel = 1;
				LastSwiftUpdateCheck = 1300;
				LastUpgradeCheck = 1300;
				TargetAttributes = {
					E6F0502A274FA9A4005C723F = {
						CreatedOnToolsVersion = 13.0;
					};
				};
			};
			buildConfigurationList = E6F05026274FA9A4005C723F /* Build configuration list for PBXProject "ArticleApp" */;
			compatibilityVersion = "Xcode 13.0";
			developmentRegion = en;
			hasScannedForEncodings = 0;
			knownRegions = (
				en,
				Base,
			);
			mainGroup = E6F05022274FA9A4005C723F;
			productRefGroup = E6F0502C274FA9A4005C723F /* Products */;
			projectDirPath = "";
			projectRoot = "";
			targets = (
				E6F0502A274FA9A4005C723F /* ArticleApp */,
			);
		};
/* End PBXProject section */

/* Begin PBXResourcesBuildPhase section */
		E6F05029274FA9A4005C723F /* Resources */ = {
			isa = PBXResourcesBuildPhase;
			buildActionMask = 2147483647;
			files = (
				E6F0503E274FA9A5005C723F /* LaunchScreen.storyboard in Resources */,
				E6F0503B274FA9A5005C723F /* Assets.xcassets in Resources */,
				E6F05036274FA9A4005C723F /* Main.storyboard in Resources */,
			);
			runOnlyForDeploymentPostprocessing = 0;
		};
/* End PBXResourcesBuildPhase section */

/* Begin PBXSourcesBuildPhase section */
		E6F05027274FA9A4005C723F /* Sources */ = {
			isa = PBXSourcesBuildPhase;
			buildActionMask = 2147483647;
			files = (
				E6F05039274FA9A4005C723F /* ArticleApp.xcdatamodeld in Sources */,
				E6F0504C274FB183005C723F /* myTableViewCell.swift in Sources */,
				E6F05033274FA9A4005C723F /* ViewController.swift in Sources */,
				E6F05048274FA9E3005C723F /* AddNewArticleViewController.swift in Sources */,
				E6F05046274FA9D3005C723F /* ArticleViewController.swift in Sources */,
				E6F0502F274FA9A4005C723F /* AppDelegate.swift in Sources */,
				E6F05031274FA9A4005C723F /* SceneDelegate.swift in Sources */,
			);
			runOnlyForDeploymentPostprocessing = 0;
		};
/* End PBXSourcesBuildPhase section */

/* Begin PBXVariantGroup section */
		E6F05034274FA9A4005C723F /* Main.storyboard */ = {
			isa = PBXVariantGroup;
			children = (
				E6F05035274FA9A4005C723F /* Base */,
			);
			name = Main.storyboard;
			sourceTree = "<group>";
		};
		E6F0503C274FA9A5005C723F /* LaunchScreen.storyboard */ = {
			isa = PBXVariantGroup;
			children = (
				E6F0503D274FA9A5005C723F /* Base */,
			);
			name = LaunchScreen.storyboard;
			sourceTree = "<group>";
		};
/* End PBXVariantGroup section */

/* Begin XCBuildConfiguration section */
		E6F05040274FA9A5005C723F /* Debug */ = {
			isa = XCBuildConfiguration;
			buildSettings = {
				ALWAYS_SEARCH_USER_PATHS = NO;
				CLANG_ANALYZER_NONNULL = YES;
				CLANG_ANALYZER_NUMBER_OBJECT_CONVERSION = YES_AGGRESSIVE;
				CLANG_CXX_LANGUAGE_STANDARD = "gnu++17";
				CLANG_CXX_LIBRARY = "libc++";
				CLANG_ENABLE_MODULES = YES;
				CLANG_ENABLE_OBJC_ARC = YES;
				CLANG_ENABLE_OBJC_WEAK = YES;
				CLANG_WARN_BLOCK_CAPTURE_AUTORELEASING = YES;
				CLANG_WARN_BOOL_CONVERSION = YES;
				CLANG_WARN_COMMA = YES;
				CLANG_WARN_CONSTANT_CONVERSION = YES;
				CLANG_WARN_DEPRECATED_OBJC_IMPLEMENTATIONS = YES;
				CLANG_WARN_DIRECT_OBJC_ISA_USAGE = YES_ERROR;
				CLANG_WARN_DOCUMENTATION_COMMENTS = YES;
				CLANG_WARN_EMPTY_BODY = YES;
				CLANG_WARN_ENUM_CONVERSION = YES;
				CLANG_WARN_INFINITE_RECURSION = YES;
				CLANG_WARN_INT_CONVERSION = YES;
				CLANG_WARN_NON_LITERAL_NULL_CONVERSION = YES;
				CLANG_WARN_OBJC_IMPLICIT_RETAIN_SELF = YES;
				CLANG_WARN_OBJC_LITERAL_CONVERSION = YES;
				CLANG_WARN_OBJC_ROOT_CLASS = YES_ERROR;
				CLANG_WARN_QUOTED_INCLUDE_IN_FRAMEWORK_HEADER = YES;
				CLANG_WARN_RANGE_LOOP_ANALYSIS = YES;
				CLANG_WARN_STRICT_PROTOTYPES = YES;
				CLANG_WARN_SUSPICIOUS_MOVE = YES;
				CLANG_WARN_UNGUARDED_AVAILABILITY = YES_AGGRESSIVE;
				CLANG_WARN_UNREACHABLE_CODE = YES;
				CLANG_WARN__DUPLICATE_METHOD_MATCH = YES;
				COPY_PHASE_STRIP = NO;
				DEBUG_INFORMATION_FORMAT = dwarf;
				ENABLE_STRICT_OBJC_MSGSEND = YES;
				ENABLE_TESTABILITY = YES;
				GCC_C_LANGUAGE_STANDARD = gnu11;
				GCC_DYNAMIC_NO_PIC = NO;
				GCC_NO_COMMON_BLOCKS = YES;
				GCC_OPTIMIZATION_LEVEL = 0;
				GCC_PREPROCESSOR_DEFINITIONS = (
					"DEBUG=1",
					"$(inherited)",
				);
				GCC_WARN_64_TO_32_BIT_CONVERSION = YES;
				GCC_WARN_ABOUT_RETURN_TYPE = YES_ERROR;
				GCC_WARN_UNDECLARED_SELECTOR = YES;
				GCC_WARN_UNINITIALIZED_AUTOS = YES_AGGRESSIVE;
				GCC_WARN_UNUSED_FUNCTION = YES;
				GCC_WARN_UNUSED_VARIABLE = YES;
				IPHONEOS_DEPLOYMENT_TARGET = 15.0;
				MTL_ENABLE_DEBUG_INFO = INCLUDE_SOURCE;
				MTL_FAST_MATH = YES;
				ONLY_ACTIVE_ARCH = YES;
				SDKROOT = iphoneos;
				SWIFT_ACTIVE_COMPILATION_CONDITIONS = DEBUG;
				SWIFT_OPTIMIZATION_LEVEL = "-Onone";
			};
			name = Debug;
		};
		E6F05041274FA9A5005C723F /* Release */ = {
			isa = XCBuildConfiguration;
			buildSettings = {
				ALWAYS_SEARCH_USER_PATHS = NO;
				CLANG_ANALYZER_NONNULL = YES;
				CLANG_ANALYZER_NUMBER_OBJECT_CONVERSION = YES_AGGRESSIVE;
				CLANG_CXX_LANGUAGE_STANDARD = "gnu++17";
				CLANG_CXX_LIBRARY = "libc++";
				CLANG_ENABLE_MODULES = YES;
				CLANG_ENABLE_OBJC_ARC = YES;
				CLANG_ENABLE_OBJC_WEAK = YES;
				CLANG_WARN_BLOCK_CAPTURE_AUTORELEASING = YES;
				CLANG_WARN_BOOL_CONVERSION = YES;
				CLANG_WARN_COMMA = YES;
				CLANG_WARN_CONSTANT_CONVERSION = YES;
				CLANG_WARN_DEPRECATED_OBJC_IMPLEMENTATIONS = YES;
				CLANG_WARN_DIRECT_OBJC_ISA_USAGE = YES_ERROR;
				CLANG_WARN_DOCUMENTATION_COMMENTS = YES;
				CLANG_WARN_EMPTY_BODY = YES;
				CLANG_WARN_ENUM_CONVERSION = YES;
				CLANG_WARN_INFINITE_RECURSION = YES;
				CLANG_WARN_INT_CONVERSION = YES;
				CLANG_WARN_NON_LITERAL_NULL_CONVERSION = YES;
				CLANG_WARN_OBJC_IMPLICIT_RETAIN_SELF = YES;
				CLANG_WARN_OBJC_LITERAL_CONVERSION = YES;
				CLANG_WARN_OBJC_ROOT_CLASS = YES_ERROR;
				CLANG_WARN_QUOTED_INCLUDE_IN_FRAMEWORK_HEADER = YES;
				CLANG_WARN_RANGE_LOOP_ANALYSIS = YES;
				CLANG_WARN_STRICT_PROTOTYPES = YES;
				CLANG_WARN_SUSPICIOUS_MOVE = YES;
				CLANG_WARN_UNGUARDED_AVAILABILITY = YES_AGGRESSIVE;
				CLANG_WARN_UNREACHABLE_CODE = YES;
				CLANG_WARN__DUPLICATE_METHOD_MATCH = YES;
				COPY_PHASE_STRIP = NO;
				DEBUG_INFORMATION_FORMAT = "dwarf-with-dsym";
				ENABLE_NS_ASSERTIONS = NO;
				ENABLE_STRICT_OBJC_MSGSEND = YES;
				GCC_C_LANGUAGE_STANDARD = gnu11;
				GCC_NO_COMMON_BLOCKS = YES;
				GCC_WARN_64_TO_32_BIT_CONVERSION = YES;
				GCC_WARN_ABOUT_RETURN_TYPE = YES_ERROR;
				GCC_WARN_UNDECLARED_SELECTOR = YES;
				GCC_WARN_UNINITIALIZED_AUTOS = YES_AGGRESSIVE;
				GCC_WARN_UNUSED_FUNCTION = YES;
				GCC_WARN_UNUSED_VARIABLE = YES;
				IPHONEOS_DEPLOYMENT_TARGET = 15.0;
				MTL_ENABLE_DEBUG_INFO = NO;
				MTL_FAST_MATH = YES;
				SDKROOT = iphoneos;
				SWIFT_COMPILATION_MODE = wholemodule;
				SWIFT_OPTIMIZATION_LEVEL = "-O";
				VALIDATE_PRODUCT = YES;
			};
			name = Release;
		};
		E6F05043274FA9A5005C723F /* Debug */ = {
			isa = XCBuildConfiguration;
			buildSettings = {
				ASSETCATALOG_COMPILER_APPICON_NAME = AppIcon;
				ASSETCATALOG_COMPILER_GLOBAL_ACCENT_COLOR_NAME = AccentColor;
				CODE_SIGN_STYLE = Automatic;
				CURRENT_PROJECT_VERSION = 1;
				GENERATE_INFOPLIST_FILE = YES;
				INFOPLIST_FILE = ArticleApp/Info.plist;
				INFOPLIST_KEY_UIApplicationSupportsIndirectInputEvents = YES;
				INFOPLIST_KEY_UILaunchStoryboardName = LaunchScreen;
				INFOPLIST_KEY_UIMainStoryboardFile = Main;
				INFOPLIST_KEY_UISupportedInterfaceOrientations_iPad = "UIInterfaceOrientationPortrait UIInterfaceOrientationPortraitUpsideDown UIInterfaceOrientationLandscapeLeft UIInterfaceOrientationLandscapeRight";
				INFOPLIST_KEY_UISupportedInterfaceOrientations_iPhone = "UIInterfaceOrientationPortrait UIInterfaceOrientationLandscapeLeft UIInterfaceOrientationLandscapeRight";
				LD_RUNPATH_SEARCH_PATHS = (
					"$(inherited)",
					"@executable_path/Frameworks",
				);
				MARKETING_VERSION = 1.0;
				PRODUCT_BUNDLE_IDENTIFIER = lola.t1000.ArticleApp;
				PRODUCT_NAME = "$(TARGET_NAME)";
				SWIFT_EMIT_LOC_STRINGS = YES;
				SWIFT_VERSION = 5.0;
				TARGETED_DEVICE_FAMILY = "1,2";
			};
			name = Debug;
		};
		E6F05044274FA9A5005C723F /* Release */ = {
			isa = XCBuildConfiguration;
			buildSettings = {
				ASSETCATALOG_COMPILER_APPICON_NAME = AppIcon;
				ASSETCATALOG_COMPILER_GLOBAL_ACCENT_COLOR_NAME = AccentColor;
				CODE_SIGN_STYLE = Automatic;
				CURRENT_PROJECT_VERSION = 1;
				GENERATE_INFOPLIST_FILE = YES;
				INFOPLIST_FILE = ArticleApp/Info.plist;
				INFOPLIST_KEY_UIApplicationSupportsIndirectInputEvents = YES;
				INFOPLIST_KEY_UILaunchStoryboardName = LaunchScreen;
				INFOPLIST_KEY_UIMainStoryboardFile = Main;
				INFOPLIST_KEY_UISupportedInterfaceOrientations_iPad = "UIInterfaceOrientationPortrait UIInterfaceOrientationPortraitUpsideDown UIInterfaceOrientationLandscapeLeft UIInterfaceOrientationLandscapeRight";
				INFOPLIST_KEY_UISupportedInterfaceOrientations_iPhone = "UIInterfaceOrientationPortrait UIInterfaceOrientationLandscapeLeft UIInterfaceOrientationLandscapeRight";
				LD_RUNPATH_SEARCH_PATHS = (
					"$(inherited)",
					"@executable_path/Frameworks",
				);
				MARKETING_VERSION = 1.0;
				PRODUCT_BUNDLE_IDENTIFIER = lola.t1000.ArticleApp;
				PRODUCT_NAME = "$(TARGET_NAME)";
				SWIFT_EMIT_LOC_STRINGS = YES;
				SWIFT_VERSION = 5.0;
				TARGETED_DEVICE_FAMILY = "1,2";
			};
			name = Release;
		};
/* End XCBuildConfiguration section */

/* Begin XCConfigurationList section */
		E6F05026274FA9A4005C723F /* Build configuration list for PBXProject "ArticleApp" */ = {
			isa = XCConfigurationList;
			buildConfigurations = (
				E6F05040274FA9A5005C723F /* Debug */,
				E6F05041274FA9A5005C723F /* Release */,
			);
			defaultConfigurationIsVisible = 0;
			defaultConfigurationName = Release;
		};
		E6F05042274FA9A5005C723F /* Build configuration list for PBXNativeTarget "ArticleApp" */ = {
			isa = XCConfigurationList;
			buildConfigurations = (
				E6F05043274FA9A5005C723F /* Debug */,
				E6F05044274FA9A5005C723F /* Release */,
			);
			defaultConfigurationIsVisible = 0;
			defaultConfigurationName = Release;
		};
/* End XCConfigurationList section */

/* Begin XCVersionGroup section */
		E6F05037274FA9A4005C723F /* ArticleApp.xcdatamodeld */ = {
			isa = XCVersionGroup;
			children = (
				E6F05038274FA9A4005C723F /* ArticleApp.xcdatamodel */,
			);
			currentVersion = E6F05038274FA9A4005C723F /* ArticleApp.xcdatamodel */;
			path = ArticleApp.xcdatamodeld;
			sourceTree = "<group>";
			versionGroupType = wrapper.xcdatamodel;
		};
/* End XCVersionGroup section */
	};
	rootObject = E6F05023274FA9A4005C723F /* Project object */;
}
